
Microsoft Visual Studio Solution File, Format Version 12.00
# Visual Studio Version 16
VisualStudioVersion = 16.0.31005.135
MinimumVisualStudioVersion = 10.0.40219.1
Project("{FAE04EC0-301F-11D3-BF4B-00C04F79EFBC}") = "Ejercicio1", "Ejercicio1\Ejercicio1.csproj", "{FF28908D-E8F4-421A-A701-E51F3ACB1F5A}"
EndProject
Global
	GlobalSection(SolutionConfigurationPlatforms) = preSolution
		Debug|Any CPU = Debug|Any CPU
		Release|Any CPU = Release|Any CPU
	EndGlobalSection
	GlobalSection(ProjectConfigurationPlatforms) = postSolution
		{FF28908D-E8F4-421A-A701-E51F3ACB1F5A}.Debug|Any CPU.ActiveCfg = Debug|Any CPU
		{FF28908D-E8F4-421A-A701-E51F3ACB1F5A}.Debug|Any CPU.Build.0 = Debug|Any CPU
		{FF28908D-E8F4-421A-A701-E51F3ACB1F5A}.Release|Any CPU.ActiveCfg = Release|Any CPU
		{FF28908D-E8F4-421A-A701-E51F3ACB1F5A}.Release|Any CPU.Build.0 = Release|Any CPU
	EndGlobalSection
	GlobalSection(SolutionProperties) = preSolution
		HideSolutionNode = FALSE
	EndGlobalSection
	GlobalSection(ExtensibilityGlobals) = postSolution
		SolutionGuid = {5C69F0BA-388C-4800-B76F-0163F187D197}
	EndGlobalSection
EndGlobal
